
Microsoft Visual Studio Solution File, Format Version 12.00
# Visual Studio Version 17
VisualStudioVersion = 17.14.36811.4 d17.14
MinimumVisualStudioVersion = 10.0.40219.1
Project("{FAE04EC0-301F-11D3-BF4B-00C04F79EFBC}") = "DigitalHealthCard.API", "DigitalHealthCard.API\DigitalHealthCard.API.csproj", "{1C486F2A-CB37-4D52-A0AF-DD0E7179BDB8}"
EndProject
Global
	GlobalSection(SolutionConfigurationPlatforms) = preSolution
		Debug|Any CPU = Debug|Any CPU
		Release|Any CPU = Release|Any CPU
	EndGlobalSection
	GlobalSection(ProjectConfigurationPlatforms) = postSolution
		{1C486F2A-CB37-4D52-A0AF-DD0E7179BDB8}.Debug|Any CPU.ActiveCfg = Debug|Any CPU
		{1C486F2A-CB37-4D52-A0AF-DD0E7179BDB8}.Debug|Any CPU.Build.0 = Debug|Any CPU
		{1C486F2A-CB37-4D52-A0AF-DD0E7179BDB8}.Release|Any CPU.ActiveCfg = Release|Any CPU
		{1C486F2A-CB37-4D52-A0AF-DD0E7179BDB8}.Release|Any CPU.Build.0 = Release|Any CPU
	EndGlobalSection
	GlobalSection(SolutionProperties) = preSolution
		HideSolutionNode = FALSE
	EndGlobalSection
	GlobalSection(ExtensibilityGlobals) = postSolution
		SolutionGuid = {E35DFFC6-75F7-4471-845E-6C8979421C1A}
	EndGlobalSection
EndGlobal
